PODS:
  - Flutter (1.0.0)
  - flutter_mapbox_navigation (0.1.0):
    - Flutter
    - MapboxCoreNavigation (~> 2.0)
    - MapboxNavigation (~> 2.0)
  - MapboxCommon (20.1.0)
  - MapboxCoreMaps (10.1.0):
    - MapboxCommon (~> 20.1)
  - MapboxCoreNavigation (2.0.1):
    - MapboxDirections (~> 2.0)
    - MapboxMobileEvents (~> 1.0)
    - MapboxNavigationNative (~> 69.0)
  - MapboxDirections (2.0.0):
    - Polyline (~> 5.0)
    - Turf (~> 2.0)
  - MapboxMaps (10.1.0):
    - MapboxCommon (= 20.1.0)
    - MapboxCoreMaps (= 10.1.0)
    - MapboxMobileEvents (= 1.0.6)
    - Turf (~> 2.0)
  - MapboxMobileEvents (1.0.6)
  - MapboxNavigation (2.0.1):
    - MapboxCoreNavigation (= 2.0.1)
    - MapboxMaps (~> 10.0)
    - MapboxMobileEvents (~> 1.0)
    - MapboxSpeech (~> 2.0)
    - Solar-dev (~> 3.0)
  - MapboxNavigationNative (69.0.3):
    - MapboxCommon (~> 20.0)
  - MapboxSpeech (2.0.0)
  - Polyline (5.0.2)
  - Solar-dev (3.0.1)
  - Turf (2.1.0)

DEPENDENCIES:
  - Flutter (from `Flutter`)
  - flutter_mapbox_navigation (from `.symlinks/plugins/flutter_mapbox_navigation/ios`)

SPEC REPOS:
  trunk:
    - MapboxCommon
    - MapboxCoreMaps
    - MapboxCoreNavigation
    - MapboxDirections
    - MapboxMaps
    - MapboxMobileEvents
    - MapboxNavigation
    - MapboxNavigationNative
    - MapboxSpeech
    - Polyline
    - Solar-dev
    - Turf

EXTERNAL SOURCES:
  Flutter:
    :path: Flutter
  flutter_mapbox_navigation:
    :path: ".symlinks/plugins/flutter_mapbox_navigation/ios"

SPEC CHECKSUMS:
  Flutter: 50d75fe2f02b26cc09d224853bb45737f8b3214a
  flutter_mapbox_navigation: 102127c83336d02ccf33b278383cb59450c382b6
  MapboxCommon: 8dd878a6c444b78bc1a819af1920dd1a0bb9f732
  MapboxCoreMaps: 6ecb358c04600f6a947e52d41b78ac0c2570f930
  MapboxCoreNavigation: 6b523a368630727659422744167fd88a7b158e01
  MapboxDirections: bbb1b63cf5250a337abb1d120d9706280deb6747
  MapboxMaps: c19e24617b7135f87fac7dbad3a4baef657555ae
  MapboxMobileEvents: 14d7ac3ee95b4142c4fec2205dfd48ff453e8871
  MapboxNavigation: 64530555dea0a6db0064eb4f33f9e89d3315bb07
  MapboxNavigationNative: a997b061e4eb93c1fb881992e5061e3a290f04f6
  MapboxSpeech: e4ed02984444b6373374c72c369edaf045cc490c
  Polyline: fce41d72e1146c41c6d081f7656827226f643dff
  Solar-dev: 4612dc9878b9fed2667d23b327f1d4e54e16e8d0
  Turf: d1220730a00b50a9fb5862c1fb6a5dd698c9e367

PODFILE CHECKSUM: fb082d9de3a2e4f36c52beadeceee6ed957d99c6

COCOAPODS: 1.10.1
